<?xml version="1.0" encoding="utf-8"?>
<Project ToolsVersion="4.0" xmlns="http://schemas.microsoft.com/developer/msbuild/2003">
  <ItemGroup>
    <ClInclude Include="src\alice\MODEL.h">
      <Filter>MVC</Filter>
    </ClInclude>
    <ClInclude Include="src\alice\Controller.h">
      <Filter>MVC</Filter>
    </ClInclude>
    <ClInclude Include="src\alice\utilities.h">
      <Filter>MVC</Filter>
    </ClInclude>
    <ClInclude Include="src\alice\object.h">
      <Filter>MVC</Filter>
    </ClInclude>
    <ClInclude Include="src\userSrc\zspace_drl\VoxelSystem.h">
      <Filter>Sketches\zspace_drl</Filter>
    </ClInclude>
  </ItemGroup>
  <ItemGroup>
    <Filter Include="MVC">
      <UniqueIdentifier>{363452be-02d7-4398-854d-90ea253cf8b3}</UniqueIdentifier>
    </Filter>
    <Filter Include="Sketches">
      <UniqueIdentifier>{42e9bdea-f426-477b-9649-d4fdaa1c0525}</UniqueIdentifier>
    </Filter>
    <Filter Include="Sketches\zspace_module_sketches">
      <UniqueIdentifier>{70c7892c-9071-413a-966b-dadd30879b20}</UniqueIdentifier>
    </Filter>
    <Filter Include="Sketches\zspace_sketches">
      <UniqueIdentifier>{44310b44-b2f8-4576-850b-6a4b02351788}</UniqueIdentifier>
    </Filter>
    <Filter Include="Sketches\zspace_drl">
      <UniqueIdentifier>{ecdf8316-c9ac-4500-972c-c366ac0e4f25}</UniqueIdentifier>
    </Filter>
    <Filter Include="Sketches\zspace_ov">
      <UniqueIdentifier>{091fb78c-4acf-47e6-87bb-5e4efd9bc27c}</UniqueIdentifier>
    </Filter>
  </ItemGroup>
  <ItemGroup>
    <ClCompile Include="src\userSrc\sketch_empty.cpp">
      <Filter>Sketches</Filter>
    </ClCompile>
    <ClCompile Include="src\userSrc\sketch_zspace_Base.cpp">
      <Filter>Sketches\zspace_sketches</Filter>
    </ClCompile>
    <ClCompile Include="src\userSrc\zspace_module\sketch_zspaceModule_CurvatureDirections.cpp">
      <Filter>Sketches\zspace_module_sketches</Filter>
    </ClCompile>
    <ClCompile Include="src\userSrc\zspace_drl\sketch_zspace_Tutorial_1.cpp">
      <Filter>Sketches\zspace_drl</Filter>
    </ClCompile>
    <ClCompile Include="src\userSrc\zspace_drl\sketch_zspace_VoxelSystem.cpp">
      <Filter>Sketches\zspace_drl</Filter>
    </ClCompile>
    <ClCompile Include="src\userSrc\zspace_sketches\sketch_zspace_GraphPolyhedra_WIP.cpp">
      <Filter>Sketches\zspace_sketches</Filter>
    </ClCompile>
    <ClCompile Include="src\userSrc\zspace_sketches\sketch_zspace_HKBridge.cpp">
      <Filter>Sketches\zspace_sketches</Filter>
    </ClCompile>
    <ClCompile Include="src\userSrc\zspace_sketches\sketch_zspace_HKBridge_TNA.cpp">
      <Filter>Sketches\zspace_sketches</Filter>
    </ClCompile>
    <ClCompile Include="src\userSrc\zspace_sketches\sketch_zspace_toStad2.cpp">
      <Filter>Sketches\zspace_sketches</Filter>
    </ClCompile>
    <ClCompile Include="src\userSrc\zspace_sketches\sketch_zspace_GraphMesh.cpp">
      <Filter>Sketches\zspace_sketches</Filter>
    </ClCompile>
    <ClCompile Include="src\userSrc\zspace_sketches\sketch_zspace_GraphLoftMesh.cpp">
      <Filter>Sketches\zspace_sketches</Filter>
    </ClCompile>
    <ClCompile Include="src\userSrc\zspace_sketches\sketch_zspace_Striatus_Slicer.cpp">
      <Filter>Sketches\zspace_sketches</Filter>
    </ClCompile>
    <ClCompile Include="src\userSrc\zspace_sketches\sketch_zspace_Parameterization.cpp">
      <Filter>Sketches\zspace_sketches</Filter>
    </ClCompile>
    <ClCompile Include="src\userSrc\zspace_sketches\sketch_zspace_SDFSlicer.cpp">
      <Filter>Sketches\zspace_sketches</Filter>
    </ClCompile>
    <ClCompile Include="src\userSrc\zspace_sketches\sketch_zspace_SDFSlicer_Osaka.cpp">
      <Filter>Sketches\zspace_sketches</Filter>
    </ClCompile>
    <ClCompile Include="src\userSrc\zspace_sketches\sketch_zspace_Robot.cpp">
      <Filter>Sketches\zspace_sketches</Filter>
    </ClCompile>
    <ClCompile Include="src\userSrc\zspace_sketches\sketch_zspace_heat_slicer.cpp">
      <Filter>Sketches\zspace_sketches</Filter>
    </ClCompile>
    <ClCompile Include="src\userSrc\zspace_sketches\sketch_zspace_PanelSplit.cpp">
      <Filter>Sketches\zspace_sketches</Filter>
    </ClCompile>
    <ClCompile Include="src\userSrc\zspace_sketches\sketch_zspace_RobotFab.cpp">
      <Filter>Sketches\zspace_sketches</Filter>
    </ClCompile>
    <ClCompile Include="src\userSrc\zspace_sketches\sketch_zspace_PlanarityCheck.cpp">
      <Filter>Sketches\zspace_sketches</Filter>
    </ClCompile>
    <ClCompile Include="src\userSrc\zspace_sketches\sketch_zspace_PanelAnalysis.cpp">
      <Filter>Sketches\zspace_sketches</Filter>
    </ClCompile>
    <ClCompile Include="src\userSrc\zspace_ov\sketch_zspace_OV_Base.cpp">
      <Filter>Sketches\zspace_ov</Filter>
    </ClCompile>
    <ClCompile Include="src\userSrc\zspace_sketches\sketch_zspace_CCF.cpp">
      <Filter>Sketches\zspace_sketches</Filter>
    </ClCompile>
  </ItemGroup>
</Project>