<?xml version="1.0" encoding="utf-8"?>
<Project ToolsVersion="4.0" xmlns="http://schemas.microsoft.com/developer/msbuild/2003">
  <ItemGroup>
    <ClInclude Include="src\alice\MODEL.h">
      <Filter>MVC</Filter>
    </ClInclude>
    <ClInclude Include="src\alice\Controller.h">
      <Filter>MVC</Filter>
    </ClInclude>
    <ClInclude Include="src\alice\utilities.h">
      <Filter>MVC</Filter>
    </ClInclude>
    <ClInclude Include="src\alice\object.h">
      <Filter>MVC</Filter>
    </ClInclude>
    <ClInclude Include="src\userSrc\zspace_drl\VoxelSystem.h">
      <Filter>Sketches\zspace_drl</Filter>
    </ClInclude>
    <ClInclude Include="src\userSrc\tzSketches\DRL\VoxelSystem.h">
      <Filter>Sketches\tzSketches\drl</Filter>
    </ClInclude>
    <ClInclude Include="src\userSrc\tzSketches\DRL\VoxelSystem_backup_working.h">
      <Filter>Sketches\tzSketches\drl</Filter>
    </ClInclude>
    <ClInclude Include="src\userSrc\tzSketches\PolySplit\line.h">
      <Filter>Sketches\tzSketches\polySplit</Filter>
    </ClInclude>
    <ClInclude Include="src\userSrc\tzSketches\PolySplit\polygon.h">
      <Filter>Sketches\tzSketches\polySplit</Filter>
    </ClInclude>
    <ClInclude Include="src\userSrc\tzSketches\PolySplit\vector.h">
      <Filter>Sketches\tzSketches\polySplit</Filter>
    </ClInclude>
    <ClInclude Include="src\userSrc\tzSketches\CityEngine\line.h">
      <Filter>Sketches\tzSketches\cityEngine</Filter>
    </ClInclude>
    <ClInclude Include="src\userSrc\tzSketches\CityEngine\polygon.h">
      <Filter>Sketches\tzSketches\cityEngine</Filter>
    </ClInclude>
    <ClInclude Include="src\userSrc\tzSketches\CityEngine\vector.h">
      <Filter>Sketches\tzSketches\cityEngine</Filter>
    </ClInclude>
    <ClInclude Include="src\userSrc\tzSketches\CityEngine\zTsCityEngine.h">
      <Filter>Sketches\tzSketches\cityEngine</Filter>
    </ClInclude>
    <ClInclude Include="src\userSrc\tzSketches\Configurator3d\zTsConfigurator3d.h">
      <Filter>Sketches\tzSketches\configurator3d</Filter>
    </ClInclude>
    <ClInclude Include="src\userSrc\tzSketches\Configurator3d\zTsScanline.h">
      <Filter>Sketches\tzSketches\configurator3d</Filter>
    </ClInclude>
    <ClInclude Include="src\userSrc\tzSketches\OV\zTsOVdataProcessor.h">
      <Filter>Sketches\tzSketches\ov\chicagoInnovate</Filter>
    </ClInclude>
    <ClInclude Include="src\userSrc\tzSketches\ConfiguratorField\zTsConfiguratorField.h">
      <Filter>Sketches\tzSketches\configuratorField</Filter>
    </ClInclude>
    <ClInclude Include="src\userSrc\tzSketches\Landuse\zTsConfiguratorLanduse.h">
      <Filter>Sketches\tzSketches\landuse</Filter>
    </ClInclude>
    <ClInclude Include="src\userSrc\tzSketches\TJU\zTsTowerMaker.h">
      <Filter>Sketches\tzSketches\TJU</Filter>
    </ClInclude>
    <ClInclude Include="src\userSrc\tzSketches\TJU\zSMin.h">
      <Filter>Sketches\tzSketches\TJU</Filter>
    </ClInclude>
    <ClInclude Include="src\userSrc\tzSketches\Natpower\include\zSlicer.h">
      <Filter>Sketches\tzSketches\natpower\include</Filter>
    </ClInclude>
    <ClInclude Include="src\userSrc\tzSketches\Natpower\include\zTsSlicer.h">
      <Filter>Sketches\tzSketches\natpower\include</Filter>
    </ClInclude>
    <ClInclude Include="src\userSrc\tzSketches\Natpower\include\zLayer.h">
      <Filter>Sketches\tzSketches\natpower\include</Filter>
    </ClInclude>
    <ClInclude Include="src\userSrc\tzSketches\Natpower\include\zUnroller.h">
      <Filter>Sketches\tzSketches\natpower\include</Filter>
    </ClInclude>
    <ClInclude Include="src\userSrc\tzSketches\TechLabSlicer\RapidMaker.h">
      <Filter>Sketches\tzSketches\techlabSlicer</Filter>
    </ClInclude>
    <ClInclude Include="src\userSrc\tzSketches\Algebra\RamerDouglasPeucker.h">
      <Filter>Sketches\tzSketches\algebra</Filter>
    </ClInclude>
    <ClInclude Include="src\userSrc\tzSketches\Algebra\PolynomialRegression.h">
      <Filter>Sketches\tzSketches\algebra</Filter>
    </ClInclude>
    <ClInclude Include="src\userSrc\tzSketches\Algebra\polynomialFitting.h">
      <Filter>Sketches\tzSketches\algebra</Filter>
    </ClInclude>
  </ItemGroup>
  <ItemGroup>
    <Filter Include="MVC">
      <UniqueIdentifier>{363452be-02d7-4398-854d-90ea253cf8b3}</UniqueIdentifier>
    </Filter>
    <Filter Include="Sketches">
      <UniqueIdentifier>{42e9bdea-f426-477b-9649-d4fdaa1c0525}</UniqueIdentifier>
    </Filter>
    <Filter Include="Sketches\zspace_module_sketches">
      <UniqueIdentifier>{70c7892c-9071-413a-966b-dadd30879b20}</UniqueIdentifier>
    </Filter>
    <Filter Include="Sketches\zspace_sketches">
      <UniqueIdentifier>{44310b44-b2f8-4576-850b-6a4b02351788}</UniqueIdentifier>
    </Filter>
    <Filter Include="Sketches\zspace_drl">
      <UniqueIdentifier>{ecdf8316-c9ac-4500-972c-c366ac0e4f25}</UniqueIdentifier>
    </Filter>
    <Filter Include="Sketches\zspace_ov">
      <UniqueIdentifier>{091fb78c-4acf-47e6-87bb-5e4efd9bc27c}</UniqueIdentifier>
    </Filter>
    <Filter Include="Sketches\zspace_Rhino">
      <UniqueIdentifier>{9b6a1dab-4e4d-4e5a-bc56-ba073d6fde26}</UniqueIdentifier>
    </Filter>
    <Filter Include="Sketches\zspace_Rhino\PanelSketch">
      <UniqueIdentifier>{a431e68f-b0e5-4c0d-9fab-a03cdb061f67}</UniqueIdentifier>
    </Filter>
    <Filter Include="Sketches\zspace_tutorials">
      <UniqueIdentifier>{4ef6a6a0-5948-43b0-b7d6-9cee08343afd}</UniqueIdentifier>
    </Filter>
    <Filter Include="Sketches\tzSketches">
      <UniqueIdentifier>{a7be68c7-d6c1-49ce-957f-864bf9240546}</UniqueIdentifier>
    </Filter>
    <Filter Include="Sketches\tzSketches\color">
      <UniqueIdentifier>{9dfd3129-f5ca-42ff-9d8a-60f05fee56d0}</UniqueIdentifier>
    </Filter>
    <Filter Include="Sketches\tzSketches\configurator">
      <UniqueIdentifier>{d8d0cf3b-1a9b-4317-b8b7-5fe031e08456}</UniqueIdentifier>
    </Filter>
    <Filter Include="Sketches\tzSketches\drl">
      <UniqueIdentifier>{84dcbe7f-303f-459c-8241-2ae8265afc21}</UniqueIdentifier>
    </Filter>
    <Filter Include="Sketches\tzSketches\dynamics">
      <UniqueIdentifier>{4108bae1-61b7-4f15-ab76-7e541b4032a0}</UniqueIdentifier>
    </Filter>
    <Filter Include="Sketches\tzSketches\geomFitting">
      <UniqueIdentifier>{a753e25a-20bf-4253-bc1d-28b3cd6c8169}</UniqueIdentifier>
    </Filter>
    <Filter Include="Sketches\tzSketches\graphPolyhedra">
      <UniqueIdentifier>{c60145bd-b943-44a2-b99c-2de0dfe65c09}</UniqueIdentifier>
    </Filter>
    <Filter Include="Sketches\tzSketches\kmeans">
      <UniqueIdentifier>{db08c58e-32ab-4aa1-aa90-6857f40e7a96}</UniqueIdentifier>
    </Filter>
    <Filter Include="Sketches\tzSketches\ov">
      <UniqueIdentifier>{be6ea103-c0cc-44de-a3db-64113563f9f1}</UniqueIdentifier>
    </Filter>
    <Filter Include="Sketches\tzSketches\paneling">
      <UniqueIdentifier>{5a729156-8ab6-4132-acea-cefa5bb8582a}</UniqueIdentifier>
    </Filter>
    <Filter Include="Sketches\tzSketches\parameterisation">
      <UniqueIdentifier>{47362d28-124d-4148-9af6-be3fb57ed6a5}</UniqueIdentifier>
    </Filter>
    <Filter Include="Sketches\tzSketches\planarise">
      <UniqueIdentifier>{954a0ffd-5da5-4710-a3e6-abad790bbef0}</UniqueIdentifier>
    </Filter>
    <Filter Include="Sketches\tzSketches\slicer">
      <UniqueIdentifier>{f827a0ab-cb94-4296-8159-dc6a800a1f0a}</UniqueIdentifier>
    </Filter>
    <Filter Include="Sketches\tzSketches\solar">
      <UniqueIdentifier>{e7ee14c7-5896-4fc1-93a4-8865169c4220}</UniqueIdentifier>
    </Filter>
    <Filter Include="Sketches\tzSketches\tutorials">
      <UniqueIdentifier>{984f4c50-e480-4adc-9cb2-a4268df69e6e}</UniqueIdentifier>
    </Filter>
    <Filter Include="Sketches\tzSketches\usd">
      <UniqueIdentifier>{05d39c6d-92d9-4f87-a6b6-426c4f270faf}</UniqueIdentifier>
    </Filter>
    <Filter Include="Sketches\tzSketches\streamlines">
      <UniqueIdentifier>{7c2809b9-2462-409c-b518-af7be9bf5405}</UniqueIdentifier>
    </Filter>
    <Filter Include="Sketches\tzSketches\deformer">
      <UniqueIdentifier>{37ecd249-d385-4905-a634-8cabeb08e976}</UniqueIdentifier>
    </Filter>
    <Filter Include="Sketches\tzSketches\polySplit">
      <UniqueIdentifier>{6b9bf327-a252-4430-977d-92a4e735b108}</UniqueIdentifier>
    </Filter>
    <Filter Include="Sketches\tzSketches\vectorField">
      <UniqueIdentifier>{c4fb12aa-14f9-43a4-93f7-b9c9b18c4705}</UniqueIdentifier>
    </Filter>
    <Filter Include="Sketches\tzSketches\sdf">
      <UniqueIdentifier>{fd8033b9-b373-4618-b145-ec78634eaea6}</UniqueIdentifier>
    </Filter>
    <Filter Include="Sketches\tzSketches\cityEngine">
      <UniqueIdentifier>{06198a5e-b755-4849-be46-0b76ded862e9}</UniqueIdentifier>
    </Filter>
    <Filter Include="Sketches\tzSketches\graphicStatics">
      <UniqueIdentifier>{64fada94-2a65-494a-9adc-7e97b8e98fbc}</UniqueIdentifier>
    </Filter>
    <Filter Include="Sketches\tzSketches\configurator3d">
      <UniqueIdentifier>{85816b16-d2ca-4af2-89c9-65558460a487}</UniqueIdentifier>
    </Filter>
    <Filter Include="Sketches\tzSketches\growingParcels">
      <UniqueIdentifier>{5b5d3ed8-3167-4674-89ba-3f2c7ddeb538}</UniqueIdentifier>
    </Filter>
    <Filter Include="Sketches\tzSketches\ov\chicagoInnovate">
      <UniqueIdentifier>{86df3355-6efe-4000-8d41-ffc5df23363f}</UniqueIdentifier>
    </Filter>
    <Filter Include="Sketches\tzSketches\configuratorField">
      <UniqueIdentifier>{52d2ce17-258e-47b5-ba4f-22aeeca2bf7f}</UniqueIdentifier>
    </Filter>
    <Filter Include="Sketches\tzSketches\FDM">
      <UniqueIdentifier>{78789a83-0ef4-4368-ae7b-5cd5ff33c617}</UniqueIdentifier>
    </Filter>
    <Filter Include="Sketches\tzSketches\TNA">
      <UniqueIdentifier>{1b216579-9fcd-44d3-9096-a298d2461694}</UniqueIdentifier>
    </Filter>
    <Filter Include="Sketches\tzSketches\landuse">
      <UniqueIdentifier>{539f4e5d-6507-4173-9697-3fb47c0cc340}</UniqueIdentifier>
    </Filter>
    <Filter Include="Sketches\tzSketches\TJU">
      <UniqueIdentifier>{9d3c1950-00d9-4d52-a267-805d9d9ed535}</UniqueIdentifier>
    </Filter>
    <Filter Include="Sketches\tzSketches\natpower">
      <UniqueIdentifier>{2ff50ab0-06d2-41cf-bb5b-34298b849afd}</UniqueIdentifier>
    </Filter>
    <Filter Include="Sketches\tzSketches\natpower\include">
      <UniqueIdentifier>{d95fded5-5ff9-478a-ac65-0dde5a3c5bb0}</UniqueIdentifier>
    </Filter>
    <Filter Include="Sketches\tzSketches\natpower\src">
      <UniqueIdentifier>{1919c6f4-a45b-4530-bb56-b35cfc9246fd}</UniqueIdentifier>
    </Filter>
    <Filter Include="Sketches\tzSketches\techlabSlicer">
      <UniqueIdentifier>{48402c68-cdba-4308-a932-73e4ae2fb17c}</UniqueIdentifier>
    </Filter>
    <Filter Include="Sketches\tzSketches\algebra">
      <UniqueIdentifier>{d0251883-a33e-4aff-9fdd-f0ed9cd48d38}</UniqueIdentifier>
    </Filter>
  </ItemGroup>
  <ItemGroup>
    <ClCompile Include="src\userSrc\sketch_empty.cpp">
      <Filter>Sketches</Filter>
    </ClCompile>
    <ClCompile Include="src\userSrc\sketch_zspace_Base.cpp">
      <Filter>Sketches\zspace_sketches</Filter>
    </ClCompile>
    <ClCompile Include="src\userSrc\zspace_module\sketch_zspaceModule_CurvatureDirections.cpp">
      <Filter>Sketches\zspace_module_sketches</Filter>
    </ClCompile>
    <ClCompile Include="src\userSrc\zspace_drl\sketch_zspace_Tutorial_1.cpp">
      <Filter>Sketches\zspace_drl</Filter>
    </ClCompile>
    <ClCompile Include="src\userSrc\zspace_drl\sketch_zspace_VoxelSystem.cpp">
      <Filter>Sketches\zspace_drl</Filter>
    </ClCompile>
    <ClCompile Include="src\userSrc\zspace_sketches\sketch_zspace_GraphPolyhedra_WIP.cpp">
      <Filter>Sketches\zspace_sketches</Filter>
    </ClCompile>
    <ClCompile Include="src\userSrc\zspace_sketches\sketch_zspace_HKBridge.cpp">
      <Filter>Sketches\zspace_sketches</Filter>
    </ClCompile>
    <ClCompile Include="src\userSrc\zspace_sketches\sketch_zspace_HKBridge_TNA.cpp">
      <Filter>Sketches\zspace_sketches</Filter>
    </ClCompile>
    <ClCompile Include="src\userSrc\zspace_sketches\sketch_zspace_toStad2.cpp">
      <Filter>Sketches\zspace_sketches</Filter>
    </ClCompile>
    <ClCompile Include="src\userSrc\zspace_sketches\sketch_zspace_GraphMesh.cpp">
      <Filter>Sketches\zspace_sketches</Filter>
    </ClCompile>
    <ClCompile Include="src\userSrc\zspace_sketches\sketch_zspace_GraphLoftMesh.cpp">
      <Filter>Sketches\zspace_sketches</Filter>
    </ClCompile>
    <ClCompile Include="src\userSrc\zspace_sketches\sketch_zspace_Striatus_Slicer.cpp">
      <Filter>Sketches\zspace_sketches</Filter>
    </ClCompile>
    <ClCompile Include="src\userSrc\zspace_sketches\sketch_zspace_Parameterization.cpp">
      <Filter>Sketches\zspace_sketches</Filter>
    </ClCompile>
    <ClCompile Include="src\userSrc\zspace_sketches\sketch_zspace_SDFSlicer.cpp">
      <Filter>Sketches\zspace_sketches</Filter>
    </ClCompile>
    <ClCompile Include="src\userSrc\zspace_sketches\sketch_zspace_SDFSlicer_Osaka.cpp">
      <Filter>Sketches\zspace_sketches</Filter>
    </ClCompile>
    <ClCompile Include="src\userSrc\zspace_sketches\sketch_zspace_Robot.cpp">
      <Filter>Sketches\zspace_sketches</Filter>
    </ClCompile>
    <ClCompile Include="src\userSrc\zspace_sketches\sketch_zspace_heat_slicer.cpp">
      <Filter>Sketches\zspace_sketches</Filter>
    </ClCompile>
    <ClCompile Include="src\userSrc\zspace_sketches\sketch_zspace_PanelSplit.cpp">
      <Filter>Sketches\zspace_sketches</Filter>
    </ClCompile>
    <ClCompile Include="src\userSrc\zspace_sketches\sketch_zspace_RobotFab.cpp">
      <Filter>Sketches\zspace_sketches</Filter>
    </ClCompile>
    <ClCompile Include="src\userSrc\zspace_sketches\sketch_zspace_PlanarityCheck.cpp">
      <Filter>Sketches\zspace_sketches</Filter>
    </ClCompile>
    <ClCompile Include="src\userSrc\zspace_sketches\sketch_zspace_PanelAnalysis.cpp">
      <Filter>Sketches\zspace_sketches</Filter>
    </ClCompile>
    <ClCompile Include="src\userSrc\zspace_ov\sketch_zspace_OV_Base.cpp">
      <Filter>Sketches\zspace_ov</Filter>
    </ClCompile>
    <ClCompile Include="src\userSrc\zspace_sketches\sketch_zspace_CCF.cpp">
      <Filter>Sketches\zspace_sketches</Filter>
    </ClCompile>
    <ClCompile Include="src\userSrc\zspace_sketches\sketch_zspace_SDFSlicer_BJ.cpp">
      <Filter>Sketches\zspace_sketches</Filter>
    </ClCompile>
    <ClCompile Include="src\userSrc\zspace_sketches\sketch_zspace_BJ_Mapper.cpp">
      <Filter>Sketches\zspace_sketches</Filter>
    </ClCompile>
    <ClCompile Include="src\userSrc\zspace_rhino\sketch_zSpace_NurbsCurve.cpp">
      <Filter>Sketches\zspace_Rhino</Filter>
    </ClCompile>
    <ClCompile Include="src\userSrc\zspace_ov\sketch_zspace_USD_Base.cpp">
      <Filter>Sketches\zspace_ov</Filter>
    </ClCompile>
    <ClCompile Include="src\userSrc\zspace_sketches\sketch_zspace_KMeans.cpp">
      <Filter>Sketches\zspace_sketches</Filter>
    </ClCompile>
    <ClCompile Include="src\userSrc\zspace_module\sketch_zspaceModule_KMeans.cpp">
      <Filter>Sketches\zspace_module_sketches</Filter>
    </ClCompile>
    <ClCompile Include="src\userSrc\zspace_ov\sketch_zspace_OV_Core.cpp">
      <Filter>Sketches\zspace_ov</Filter>
    </ClCompile>
    <ClCompile Include="src\userSrc\zspace_ov\sketch_zspace_OV_Core_live.cpp">
      <Filter>Sketches\zspace_ov</Filter>
    </ClCompile>
    <ClCompile Include="src\userSrc\zspace_sketches\sketch_zspace_NanshaRoof.cpp">
      <Filter>Sketches\zspace_sketches</Filter>
    </ClCompile>
    <ClCompile Include="src\userSrc\zspace_tutorials\sketch_zspace_planarityCheck.cpp">
      <Filter>Sketches\zspace_tutorials</Filter>
    </ClCompile>
    <ClCompile Include="src\userSrc\zspace_tutorials\sketch_zspace_sanyaMeshWalk.cpp">
      <Filter>Sketches\zspace_tutorials</Filter>
    </ClCompile>
    <ClCompile Include="src\userSrc\zspace_sketches\sketch_zspace_heat_slicer_Sanya.cpp">
      <Filter>Sketches\zspace_sketches</Filter>
    </ClCompile>
    <ClCompile Include="src\userSrc\zspace_tutorials\sketch_zspace_creatMesh.cpp">
      <Filter>Sketches\zspace_tutorials</Filter>
    </ClCompile>
    <ClCompile Include="src\userSrc\zspace_tutorials\sketch_zspace_sanyaMeshStream.cpp">
      <Filter>Sketches\zspace_tutorials</Filter>
    </ClCompile>
    <ClCompile Include="src\userSrc\tzSketches\Configurator\sketch_Configurator.cpp">
      <Filter>Sketches\tzSketches\configurator</Filter>
    </ClCompile>
    <ClCompile Include="src\userSrc\tzSketches\Tutorials\sketch_zspace_bevel.cpp">
      <Filter>Sketches\tzSketches\tutorials</Filter>
    </ClCompile>
    <ClCompile Include="src\userSrc\tzSketches\Dynamics\sketch_zspace_biArcs.cpp">
      <Filter>Sketches\tzSketches\dynamics</Filter>
    </ClCompile>
    <ClCompile Include="src\userSrc\tzSketches\Tutorials\sketch_zspace_biArcs.cpp">
      <Filter>Sketches\tzSketches\dynamics</Filter>
    </ClCompile>
    <ClCompile Include="src\userSrc\tzSketches\Dynamics\sketch_zspace_biArcs_group.cpp">
      <Filter>Sketches\tzSketches\dynamics</Filter>
    </ClCompile>
    <ClCompile Include="src\userSrc\tzSketches\Dynamics\sketch_zspace_biArcs_kmeans.cpp">
      <Filter>Sketches\tzSketches\dynamics</Filter>
    </ClCompile>
    <ClCompile Include="src\userSrc\tzSketches\Dynamics\sketch_zspace_biArcs_louvre_kmeans.cpp">
      <Filter>Sketches\tzSketches\dynamics</Filter>
    </ClCompile>
    <ClCompile Include="src\userSrc\tzSketches\Dynamics\sketch_zspace_CCF.cpp">
      <Filter>Sketches\tzSketches\dynamics</Filter>
    </ClCompile>
    <ClCompile Include="src\userSrc\tzSketches\Color\sketch_zspace_ColorFillFour.cpp">
      <Filter>Sketches\tzSketches\color</Filter>
    </ClCompile>
    <ClCompile Include="src\userSrc\tzSketches\Color\sketch_zspace_ColorSplit.cpp">
      <Filter>Sketches\tzSketches\color</Filter>
    </ClCompile>
    <ClCompile Include="src\userSrc\tzSketches\GeomFitting\sketch_zspace_ConicalFitting.cpp">
      <Filter>Sketches\tzSketches\geomFitting</Filter>
    </ClCompile>
    <ClCompile Include="src\userSrc\tzSketches\Tutorials\sketch_zspace_cubeChamfer.cpp">
      <Filter>Sketches\tzSketches\tutorials</Filter>
    </ClCompile>
    <ClCompile Include="src\userSrc\tzSketches\Tutorials\sketch_zspace_edgeloops.cpp">
      <Filter>Sketches\tzSketches\tutorials</Filter>
    </ClCompile>
    <ClCompile Include="src\userSrc\tzSketches\Tutorials\sketch_zspace_graphPlusField.cpp">
      <Filter>Sketches\tzSketches\tutorials</Filter>
    </ClCompile>
    <ClCompile Include="src\userSrc\tzSketches\GraphPolyhedra\sketch_zspace_GraphPolyhedra_WIP.cpp">
      <Filter>Sketches\tzSketches\graphPolyhedra</Filter>
    </ClCompile>
    <ClCompile Include="src\userSrc\tzSketches\Slicer\sketch_zspace_heat_slicer.cpp">
      <Filter>Sketches\tzSketches\slicer</Filter>
    </ClCompile>
    <ClCompile Include="src\userSrc\tzSketches\Slicer\sketch_zspace_heat_slicer_backup.cpp">
      <Filter>Sketches\tzSketches\slicer</Filter>
    </ClCompile>
    <ClCompile Include="src\userSrc\tzSketches\Slicer\sketch_zspace_heat_slicer_production.cpp">
      <Filter>Sketches\tzSketches\slicer</Filter>
    </ClCompile>
    <ClCompile Include="src\userSrc\tzSketches\Slicer\sketch_zspace_IsoContour.cpp">
      <Filter>Sketches\tzSketches\slicer</Filter>
    </ClCompile>
    <ClCompile Include="src\userSrc\tzSketches\kmeans\sketch_zspace_KMeans.cpp">
      <Filter>Sketches\tzSketches\kmeans</Filter>
    </ClCompile>
    <ClCompile Include="src\userSrc\tzSketches\Solar\sketch_zspace_MSC.cpp">
      <Filter>Sketches\tzSketches\solar</Filter>
    </ClCompile>
    <ClCompile Include="src\userSrc\tzSketches\USD\sketch_zspace_OmniConnect.cpp">
      <Filter>Sketches\tzSketches\ov</Filter>
    </ClCompile>
    <ClCompile Include="src\userSrc\tzSketches\USD\sketch_zspace_OV_Base.cpp">
      <Filter>Sketches\tzSketches\ov</Filter>
    </ClCompile>
    <ClCompile Include="src\userSrc\tzSketches\OV\sketch_zspace_OV_Core.cpp">
      <Filter>Sketches\tzSketches\ov</Filter>
    </ClCompile>
    <ClCompile Include="src\userSrc\tzSketches\OV\sketch_zspace_OV_mesh_data.cpp">
      <Filter>Sketches\tzSketches\ov</Filter>
    </ClCompile>
    <ClCompile Include="src\userSrc\tzSketches\OV\sketch_zspace_OV_planarise_anim.cpp">
      <Filter>Sketches\tzSketches\ov</Filter>
    </ClCompile>
    <ClCompile Include="src\userSrc\tzSketches\OV\sketch_zspace_OV_tz.cpp">
      <Filter>Sketches\tzSketches\ov</Filter>
    </ClCompile>
    <ClCompile Include="src\userSrc\tzSketches\Paneling\sketch_zspace_PanelAnalysis.cpp">
      <Filter>Sketches\tzSketches\paneling</Filter>
    </ClCompile>
    <ClCompile Include="src\userSrc\tzSketches\Parameterization\sketch_zspace_Parameterization.cpp">
      <Filter>Sketches\tzSketches\parameterisation</Filter>
    </ClCompile>
    <ClCompile Include="src\userSrc\tzSketches\Planarise\sketch_zspace_Planarise.cpp">
      <Filter>Sketches\tzSketches\planarise</Filter>
    </ClCompile>
    <ClCompile Include="src\userSrc\tzSketches\Slicer\sketch_zspace_SDFSlicer.cpp">
      <Filter>Sketches\tzSketches\slicer</Filter>
    </ClCompile>
    <ClCompile Include="src\userSrc\tzSketches\Solar\sketch_zspace_SolarCuda.cpp">
      <Filter>Sketches\tzSketches\solar</Filter>
    </ClCompile>
    <ClCompile Include="src\userSrc\tzSketches\Solar\sketch_zspace_SolarDebug.cpp">
      <Filter>Sketches\tzSketches\solar</Filter>
    </ClCompile>
    <ClCompile Include="src\userSrc\tzSketches\Solar\sketch_zspace_SolarDebug_Production.cpp">
      <Filter>Sketches\tzSketches\solar</Filter>
    </ClCompile>
    <ClCompile Include="src\userSrc\tzSketches\USD\sketch_zspace_USDBase.cpp">
      <Filter>Sketches\tzSketches\usd</Filter>
    </ClCompile>
    <ClCompile Include="src\userSrc\tzSketches\USD\sketch_zspace_USD_read.cpp">
      <Filter>Sketches\tzSketches\usd</Filter>
    </ClCompile>
    <ClCompile Include="src\userSrc\tzSketches\USD\sketch_zspace_USD_read_LM.cpp">
      <Filter>Sketches\tzSketches\usd</Filter>
    </ClCompile>
    <ClCompile Include="src\userSrc\tzSketches\USD\sketch_zspace_USD_write.cpp">
      <Filter>Sketches\tzSketches\usd</Filter>
    </ClCompile>
    <ClCompile Include="src\userSrc\tzSketches\DRL\sketch_zspace_Tutorial_2211.cpp">
      <Filter>Sketches\tzSketches\drl</Filter>
    </ClCompile>
    <ClCompile Include="src\userSrc\tzSketches\DRL\sketch_zspace_VoxelSystem.cpp">
      <Filter>Sketches\tzSketches\drl</Filter>
    </ClCompile>
    <ClCompile Include="src\userSrc\tzSketches\DRL\sketch_zspace_VoxelSystem_debug.cpp">
      <Filter>Sketches\tzSketches\drl</Filter>
    </ClCompile>
    <ClCompile Include="src\userSrc\tzSketches\Tutorials\sketch_zspace_stripper.cpp">
      <Filter>Sketches\tzSketches\tutorials</Filter>
    </ClCompile>
    <ClCompile Include="src\userSrc\tzSketches\Slicer\sketch_zspace_heat_slicer_Sanya.cpp">
      <Filter>Sketches\tzSketches\slicer</Filter>
    </ClCompile>
    <ClCompile Include="src\userSrc\tzSketches\Slicer\sketch_zspace_heat_slicer_guangdu.cpp">
      <Filter>Sketches\tzSketches\slicer</Filter>
    </ClCompile>
    <ClCompile Include="src\userSrc\tzSketches\Slicer\sketch_zspace_heat_slicer_working.cpp">
      <Filter>Sketches\tzSketches\slicer</Filter>
    </ClCompile>
    <ClCompile Include="src\userSrc\tzSketches\Streamlines\sketch_zspace_streamlines2D.cpp">
      <Filter>Sketches\tzSketches\streamlines</Filter>
    </ClCompile>
    <ClCompile Include="src\userSrc\tzSketches\Deformer\sketch_latticeDeformer.cpp">
      <Filter>Sketches\tzSketches\deformer</Filter>
    </ClCompile>
    <ClCompile Include="src\userSrc\tzSketches\PolySplit\sketch_zspace_polySplit.cpp">
      <Filter>Sketches\tzSketches\polySplit</Filter>
    </ClCompile>
    <ClCompile Include="src\userSrc\tzSketches\PolySplit\line.cpp">
      <Filter>Sketches\tzSketches\polySplit</Filter>
    </ClCompile>
    <ClCompile Include="src\userSrc\tzSketches\PolySplit\polygon.cpp">
      <Filter>Sketches\tzSketches\polySplit</Filter>
    </ClCompile>
    <ClCompile Include="src\userSrc\tzSketches\Configurator\sketch_Configurator_1.cpp">
      <Filter>Sketches\tzSketches\configurator</Filter>
    </ClCompile>
    <ClCompile Include="src\userSrc\tzSketches\Planarise\sketch_zspace_Planarise_HE..cpp">
      <Filter>Sketches\tzSketches\planarise</Filter>
    </ClCompile>
    <ClCompile Include="src\userSrc\tzSketches\Slicer\sketch_zspace_heat_slicer_one_side.cpp">
      <Filter>Sketches\tzSketches\slicer</Filter>
    </ClCompile>
    <ClCompile Include="src\userSrc\tzSketches\PolySplit\sketch_zspace_polySplit_maya.cpp">
      <Filter>Sketches\tzSketches\polySplit</Filter>
    </ClCompile>
    <ClCompile Include="src\userSrc\tzSketches\PolySplit\sketch_zspace_polySplit_example.cpp">
      <Filter>Sketches\tzSketches\polySplit</Filter>
    </ClCompile>
    <ClCompile Include="src\userSrc\tzSketches\PolySplit\sketch_zspace_polySplit_faceSplit.cpp">
      <Filter>Sketches\tzSketches\polySplit</Filter>
    </ClCompile>
    <ClCompile Include="src\userSrc\tzSketches\Parameterization\sketch_zspace_Relaxation.cpp">
      <Filter>Sketches\tzSketches\parameterisation</Filter>
    </ClCompile>
    <ClCompile Include="src\userSrc\tzSketches\Slicer\sketch_zspace_heat_slicer_guangdu_multi.cpp">
      <Filter>Sketches\tzSketches\slicer</Filter>
    </ClCompile>
    <ClCompile Include="src\userSrc\tzSketches\Paneling\sketch_zspace_PatternYate.cpp">
      <Filter>Sketches\tzSketches\paneling</Filter>
    </ClCompile>
    <ClCompile Include="src\userSrc\tzSketches\GraphPolyhedra\sketch_zSpace_Polytopal.cpp">
      <Filter>Sketches\tzSketches\graphPolyhedra</Filter>
    </ClCompile>
    <ClCompile Include="src\userSrc\tzSketches\Tutorials\sketch_zspace_Natpower_BlockMesh.cpp">
      <Filter>Sketches\tzSketches\tutorials</Filter>
    </ClCompile>
    <ClCompile Include="src\userSrc\tzSketches\VectorField\sketch_zspace_VectorFieldPathfinding.cpp">
      <Filter>Sketches\tzSketches\vectorField</Filter>
    </ClCompile>
    <ClCompile Include="src\userSrc\tzSketches\SDF\sketch_zspace_sdf.cpp">
      <Filter>Sketches\tzSketches\sdf</Filter>
    </ClCompile>
    <ClCompile Include="src\userSrc\tzSketches\CityEngine\line.cpp">
      <Filter>Sketches\tzSketches\cityEngine</Filter>
    </ClCompile>
    <ClCompile Include="src\userSrc\tzSketches\CityEngine\polygon.cpp">
      <Filter>Sketches\tzSketches\cityEngine</Filter>
    </ClCompile>
    <ClCompile Include="src\userSrc\tzSketches\CityEngine\sketch_zspace_cityEngine.cpp">
      <Filter>Sketches\tzSketches\cityEngine</Filter>
    </ClCompile>
    <ClCompile Include="src\userSrc\tzSketches\CityEngine\zTsCityEngine.cpp">
      <Filter>Sketches\tzSketches\cityEngine</Filter>
    </ClCompile>
    <ClCompile Include="src\userSrc\tzSketches\Tutorials\sketch_zspace_bfs_loop.cpp">
      <Filter>Sketches\tzSketches\tutorials</Filter>
    </ClCompile>
    <ClCompile Include="src\userSrc\tzSketches\GraphicStatics\sketch_zspace_2DGS.cpp">
      <Filter>Sketches\tzSketches\graphicStatics</Filter>
    </ClCompile>
    <ClCompile Include="src\userSrc\tzSketches\Configurator3d\sketch_Configurator_voxel.cpp">
      <Filter>Sketches\tzSketches\configurator3d</Filter>
    </ClCompile>
    <ClCompile Include="src\userSrc\tzSketches\Configurator3d\zTsConfigurator3d.cpp">
      <Filter>Sketches\tzSketches\configurator3d</Filter>
    </ClCompile>
    <ClCompile Include="src\userSrc\tzSketches\USD\sketch_usdConverter.cpp">
      <Filter>Sketches\tzSketches\usd</Filter>
    </ClCompile>
    <ClCompile Include="src\userSrc\tzSketches\Configurator3d\sketch_Scanline.cpp">
      <Filter>Sketches\tzSketches\configurator3d</Filter>
    </ClCompile>
    <ClCompile Include="src\userSrc\tzSketches\GrowingParcels\sketch_parcel_sb.cpp">
      <Filter>Sketches\tzSketches\growingParcels</Filter>
    </ClCompile>
    <ClCompile Include="src\userSrc\tzSketches\OV\zTsOVdataProcessor.cpp">
      <Filter>Sketches\tzSketches\ov\chicagoInnovate</Filter>
    </ClCompile>
    <ClCompile Include="src\userSrc\tzSketches\OV\sketch_zspace_OV_chicago.cpp">
      <Filter>Sketches\tzSketches\ov\chicagoInnovate</Filter>
    </ClCompile>
    <ClCompile Include="src\userSrc\tzSketches\ConfiguratorField\sketch_Configurator_field.cpp">
      <Filter>Sketches\tzSketches\configuratorField</Filter>
    </ClCompile>
    <ClCompile Include="src\userSrc\tzSketches\ConfiguratorField\zTsConfiguratorField.cpp">
      <Filter>Sketches\tzSketches\configuratorField</Filter>
    </ClCompile>
    <ClCompile Include="src\userSrc\tzSketches\FDM\sketch_zSpace_FDM_Mesh.cpp">
      <Filter>Sketches\tzSketches\FDM</Filter>
    </ClCompile>
    <ClCompile Include="src\userSrc\tzSketches\TNA\sketch_zSpace_TNA.cpp">
      <Filter>Sketches\tzSketches\TNA</Filter>
    </ClCompile>
    <ClCompile Include="src\userSrc\tzSketches\Landuse\sketch_Beeah.cpp">
      <Filter>Sketches\tzSketches\landuse</Filter>
    </ClCompile>
    <ClCompile Include="src\userSrc\tzSketches\Landuse\zTsConfiguratorLanduse.cpp">
      <Filter>Sketches\tzSketches\landuse</Filter>
    </ClCompile>
    <ClCompile Include="src\userSrc\tzSketches\SDF\sketch_zspace_smooth_min.cpp">
      <Filter>Sketches\tzSketches\sdf</Filter>
    </ClCompile>
    <ClCompile Include="src\userSrc\tzSketches\TJU\sketch_zspace_towerMaker.cpp">
      <Filter>Sketches\tzSketches\TJU</Filter>
    </ClCompile>
    <ClCompile Include="src\userSrc\tzSketches\TJU\zTsTowerMaker.cpp">
      <Filter>Sketches\tzSketches\TJU</Filter>
    </ClCompile>
    <ClCompile Include="src\userSrc\tzSketches\TJU\zSMin.cpp">
      <Filter>Sketches\tzSketches\TJU</Filter>
    </ClCompile>
    <ClCompile Include="src\userSrc\tzSketches\SDF\sketch_zspace_sdf_spinning.cpp">
      <Filter>Sketches\tzSketches\sdf</Filter>
    </ClCompile>
    <ClCompile Include="src\userSrc\tzSketches\Natpower\sketch_zspace_Blend.cpp">
      <Filter>Sketches\tzSketches\natpower</Filter>
    </ClCompile>
    <ClCompile Include="src\userSrc\tzSketches\Natpower\src\zSlicer.cpp">
      <Filter>Sketches\tzSketches\natpower\src</Filter>
    </ClCompile>
    <ClCompile Include="src\userSrc\tzSketches\Natpower\src\zTsSlicer.cpp">
      <Filter>Sketches\tzSketches\natpower\src</Filter>
    </ClCompile>
    <ClCompile Include="src\userSrc\tzSketches\Natpower\src\zLayer.cpp">
      <Filter>Sketches\tzSketches\natpower\src</Filter>
    </ClCompile>
    <ClCompile Include="src\userSrc\tzSketches\Natpower\src\zUnroller.cpp">
      <Filter>Sketches\tzSketches\natpower\src</Filter>
    </ClCompile>
    <ClCompile Include="src\userSrc\tzSketches\TechLabSlicer\sketch_zspace_geodesic_heat_slicer.cpp">
      <Filter>Sketches\tzSketches\techlabSlicer</Filter>
    </ClCompile>
    <ClCompile Include="src\userSrc\tzSketches\TechLabSlicer\zSpatialField.cpp">
      <Filter>Sketches\tzSketches\techlabSlicer</Filter>
    </ClCompile>
    <ClCompile Include="src\userSrc\tzSketches\TechLabSlicer\RapidMaker.cpp">
      <Filter>Sketches\tzSketches\techlabSlicer</Filter>
    </ClCompile>
    <ClCompile Include="src\userSrc\tzSketches\TechLabSlicer\test_rapid_main.cpp">
      <Filter>Sketches\tzSketches\techlabSlicer</Filter>
    </ClCompile>
    <ClCompile Include="src\userSrc\tzSketches\TechLabSlicer\GraphProcessor.cpp">
      <Filter>Sketches\tzSketches\techlabSlicer</Filter>
    </ClCompile>
    <ClCompile Include="src\userSrc\tzSketches\Algebra\sketch_polynomialFit.cpp">
      <Filter>Sketches\tzSketches\algebra</Filter>
    </ClCompile>
  </ItemGroup>
</Project>